
Microsoft Visual Studio Solution File, Format Version 12.00
# Visual Studio Version 17
VisualStudioVersion = 17.0.32112.339
MinimumVisualStudioVersion = 10.0.40219.1
Project("{FAE04EC0-301F-11D3-BF4B-00C04F79EFBC}") = "Student_Marks", "Student_Marks\Student_Marks.csproj", "{1A7A7421-171A-4E12-98FD-CCCB01E5C29A}"
EndProject
Global
	GlobalSection(SolutionConfigurationPlatforms) = preSolution
		Debug|Any CPU = Debug|Any CPU
		Release|Any CPU = Release|Any CPU
	EndGlobalSection
	GlobalSection(ProjectConfigurationPlatforms) = postSolution
		{1A7A7421-171A-4E12-98FD-CCCB01E5C29A}.Debug|Any CPU.ActiveCfg = Debug|Any CPU
		{1A7A7421-171A-4E12-98FD-CCCB01E5C29A}.Debug|Any CPU.Build.0 = Debug|Any CPU
		{1A7A7421-171A-4E12-98FD-CCCB01E5C29A}.Release|Any CPU.ActiveCfg = Release|Any CPU
		{1A7A7421-171A-4E12-98FD-CCCB01E5C29A}.Release|Any CPU.Build.0 = Release|Any CPU
	EndGlobalSection
	GlobalSection(SolutionProperties) = preSolution
		HideSolutionNode = FALSE
	EndGlobalSection
	GlobalSection(ExtensibilityGlobals) = postSolution
		SolutionGuid = {B673DB56-5BB4-44E4-8932-FC668E07C855}
	EndGlobalSection
EndGlobal
