
Microsoft Visual Studio Solution File, Format Version 12.00
# Visual Studio Version 17
VisualStudioVersion = 17.0.32112.339
MinimumVisualStudioVersion = 10.0.40219.1
Project("{FAE04EC0-301F-11D3-BF4B-00C04F79EFBC}") = "Assignment1", "Assignment1\Assignment1.csproj", "{6D1C3037-CA25-457A-A43D-E245320E0085}"
EndProject
Global
	GlobalSection(SolutionConfigurationPlatforms) = preSolution
		Debug|Any CPU = Debug|Any CPU
		Release|Any CPU = Release|Any CPU
	EndGlobalSection
	GlobalSection(ProjectConfigurationPlatforms) = postSolution
		{6D1C3037-CA25-457A-A43D-E245320E0085}.Debug|Any CPU.ActiveCfg = Debug|Any CPU
		{6D1C3037-CA25-457A-A43D-E245320E0085}.Debug|Any CPU.Build.0 = Debug|Any CPU
		{6D1C3037-CA25-457A-A43D-E245320E0085}.Release|Any CPU.ActiveCfg = Release|Any CPU
		{6D1C3037-CA25-457A-A43D-E245320E0085}.Release|Any CPU.Build.0 = Release|Any CPU
	EndGlobalSection
	GlobalSection(SolutionProperties) = preSolution
		HideSolutionNode = FALSE
	EndGlobalSection
	GlobalSection(ExtensibilityGlobals) = postSolution
		SolutionGuid = {3E3FEA6E-B731-4516-B720-55F2E80DC3A8}
	EndGlobalSection
EndGlobal
